
Microsoft Visual Studio Solution File, Format Version 12.00
# Visual Studio Version 16
Project("{2150E333-8FDC-42A3-9474-1A3956D46DE8}") = "CMakePredefinedTargets", "CMakePredefinedTargets", "{D96E0F2E-51B7-3B17-8618-DE03B14828EB}"
EndProject
Project("{2150E333-8FDC-42A3-9474-1A3956D46DE8}") = "GLFW3", "GLFW3", "{5630EFD0-FD1D-317C-A162-321E4497E46A}"
EndProject
Project("{8BC9CEB8-8B4A-11D0-8D11-00A0C91BC942}") = "ALL_BUILD", "ALL_BUILD.vcxproj", "{7D75DB92-1F82-351C-8092-69B167FF204B}"
	ProjectSection(ProjectDependencies) = postProject
		{2DF52B41-CA03-3DD4-B305-1AC37986CE95} = {2DF52B41-CA03-3DD4-B305-1AC37986CE95}
		{14C2E1B5-1814-3BAD-A08E-6803AE0813F4} = {14C2E1B5-1814-3BAD-A08E-6803AE0813F4}
		{9D06250A-EF06-3531-AB0D-7938270C569D} = {9D06250A-EF06-3531-AB0D-7938270C569D}
		{B5779962-09C5-3A30-BDDB-EF7637C2095F} = {B5779962-09C5-3A30-BDDB-EF7637C2095F}
	EndProjectSection
EndProject
Project("{8BC9CEB8-8B4A-11D0-8D11-00A0C91BC942}") = "INSTALL", "INSTALL.vcxproj", "{F3A9FB57-51F7-3EB7-A0D7-C289231EA6D7}"
	ProjectSection(ProjectDependencies) = postProject
		{7D75DB92-1F82-351C-8092-69B167FF204B} = {7D75DB92-1F82-351C-8092-69B167FF204B}
		{2DF52B41-CA03-3DD4-B305-1AC37986CE95} = {2DF52B41-CA03-3DD4-B305-1AC37986CE95}
	EndProjectSection
EndProject
Project("{8BC9CEB8-8B4A-11D0-8D11-00A0C91BC942}") = "ZERO_CHECK", "ZERO_CHECK.vcxproj", "{2DF52B41-CA03-3DD4-B305-1AC37986CE95}"
	ProjectSection(ProjectDependencies) = postProject
	EndProjectSection
EndProject
Project("{8BC9CEB8-8B4A-11D0-8D11-00A0C91BC942}") = "app", "app.vcxproj", "{14C2E1B5-1814-3BAD-A08E-6803AE0813F4}"
	ProjectSection(ProjectDependencies) = postProject
		{2DF52B41-CA03-3DD4-B305-1AC37986CE95} = {2DF52B41-CA03-3DD4-B305-1AC37986CE95}
		{9D06250A-EF06-3531-AB0D-7938270C569D} = {9D06250A-EF06-3531-AB0D-7938270C569D}
		{B5779962-09C5-3A30-BDDB-EF7637C2095F} = {B5779962-09C5-3A30-BDDB-EF7637C2095F}
	EndProjectSection
EndProject
Project("{8BC9CEB8-8B4A-11D0-8D11-00A0C91BC942}") = "glfw", "glfw\src\glfw.vcxproj", "{9D06250A-EF06-3531-AB0D-7938270C569D}"
	ProjectSection(ProjectDependencies) = postProject
		{2DF52B41-CA03-3DD4-B305-1AC37986CE95} = {2DF52B41-CA03-3DD4-B305-1AC37986CE95}
	EndProjectSection
EndProject
Project("{8BC9CEB8-8B4A-11D0-8D11-00A0C91BC942}") = "tezzgl", "tezzgl.vcxproj", "{B5779962-09C5-3A30-BDDB-EF7637C2095F}"
	ProjectSection(ProjectDependencies) = postProject
		{2DF52B41-CA03-3DD4-B305-1AC37986CE95} = {2DF52B41-CA03-3DD4-B305-1AC37986CE95}
	EndProjectSection
EndProject
Project("{8BC9CEB8-8B4A-11D0-8D11-00A0C91BC942}") = "uninstall", "glfw\uninstall.vcxproj", "{D1A1074E-2326-388D-8F42-958B68544ABB}"
	ProjectSection(ProjectDependencies) = postProject
		{2DF52B41-CA03-3DD4-B305-1AC37986CE95} = {2DF52B41-CA03-3DD4-B305-1AC37986CE95}
	EndProjectSection
EndProject
Global
	GlobalSection(SolutionConfigurationPlatforms) = preSolution
		Debug|x64 = Debug|x64
		Release|x64 = Release|x64
		MinSizeRel|x64 = MinSizeRel|x64
		RelWithDebInfo|x64 = RelWithDebInfo|x64
	EndGlobalSection
	GlobalSection(ProjectConfigurationPlatforms) = postSolution
		{7D75DB92-1F82-351C-8092-69B167FF204B}.Debug|x64.ActiveCfg = Debug|x64
		{7D75DB92-1F82-351C-8092-69B167FF204B}.Debug|x64.Build.0 = Debug|x64
		{7D75DB92-1F82-351C-8092-69B167FF204B}.Release|x64.ActiveCfg = Release|x64
		{7D75DB92-1F82-351C-8092-69B167FF204B}.Release|x64.Build.0 = Release|x64
		{7D75DB92-1F82-351C-8092-69B167FF204B}.MinSizeRel|x64.ActiveCfg = MinSizeRel|x64
		{7D75DB92-1F82-351C-8092-69B167FF204B}.MinSizeRel|x64.Build.0 = MinSizeRel|x64
		{7D75DB92-1F82-351C-8092-69B167FF204B}.RelWithDebInfo|x64.ActiveCfg = RelWithDebInfo|x64
		{7D75DB92-1F82-351C-8092-69B167FF204B}.RelWithDebInfo|x64.Build.0 = RelWithDebInfo|x64
		{F3A9FB57-51F7-3EB7-A0D7-C289231EA6D7}.Debug|x64.ActiveCfg = Debug|x64
		{F3A9FB57-51F7-3EB7-A0D7-C289231EA6D7}.Release|x64.ActiveCfg = Release|x64
		{F3A9FB57-51F7-3EB7-A0D7-C289231EA6D7}.MinSizeRel|x64.ActiveCfg = MinSizeRel|x64
		{F3A9FB57-51F7-3EB7-A0D7-C289231EA6D7}.RelWithDebInfo|x64.ActiveCfg = RelWithDebInfo|x64
		{2DF52B41-CA03-3DD4-B305-1AC37986CE95}.Debug|x64.ActiveCfg = Debug|x64
		{2DF52B41-CA03-3DD4-B305-1AC37986CE95}.Debug|x64.Build.0 = Debug|x64
		{2DF52B41-CA03-3DD4-B305-1AC37986CE95}.Release|x64.ActiveCfg = Release|x64
		{2DF52B41-CA03-3DD4-B305-1AC37986CE95}.Release|x64.Build.0 = Release|x64
		{2DF52B41-CA03-3DD4-B305-1AC37986CE95}.MinSizeRel|x64.ActiveCfg = MinSizeRel|x64
		{2DF52B41-CA03-3DD4-B305-1AC37986CE95}.MinSizeRel|x64.Build.0 = MinSizeRel|x64
		{2DF52B41-CA03-3DD4-B305-1AC37986CE95}.RelWithDebInfo|x64.ActiveCfg = RelWithDebInfo|x64
		{2DF52B41-CA03-3DD4-B305-1AC37986CE95}.RelWithDebInfo|x64.Build.0 = RelWithDebInfo|x64
		{14C2E1B5-1814-3BAD-A08E-6803AE0813F4}.Debug|x64.ActiveCfg = Debug|x64
		{14C2E1B5-1814-3BAD-A08E-6803AE0813F4}.Debug|x64.Build.0 = Debug|x64
		{14C2E1B5-1814-3BAD-A08E-6803AE0813F4}.Release|x64.ActiveCfg = Release|x64
		{14C2E1B5-1814-3BAD-A08E-6803AE0813F4}.Release|x64.Build.0 = Release|x64
		{14C2E1B5-1814-3BAD-A08E-6803AE0813F4}.MinSizeRel|x64.ActiveCfg = MinSizeRel|x64
		{14C2E1B5-1814-3BAD-A08E-6803AE0813F4}.MinSizeRel|x64.Build.0 = MinSizeRel|x64
		{14C2E1B5-1814-3BAD-A08E-6803AE0813F4}.RelWithDebInfo|x64.ActiveCfg = RelWithDebInfo|x64
		{14C2E1B5-1814-3BAD-A08E-6803AE0813F4}.RelWithDebInfo|x64.Build.0 = RelWithDebInfo|x64
		{9D06250A-EF06-3531-AB0D-7938270C569D}.Debug|x64.ActiveCfg = Debug|x64
		{9D06250A-EF06-3531-AB0D-7938270C569D}.Debug|x64.Build.0 = Debug|x64
		{9D06250A-EF06-3531-AB0D-7938270C569D}.Release|x64.ActiveCfg = Release|x64
		{9D06250A-EF06-3531-AB0D-7938270C569D}.Release|x64.Build.0 = Release|x64
		{9D06250A-EF06-3531-AB0D-7938270C569D}.MinSizeRel|x64.ActiveCfg = MinSizeRel|x64
		{9D06250A-EF06-3531-AB0D-7938270C569D}.MinSizeRel|x64.Build.0 = MinSizeRel|x64
		{9D06250A-EF06-3531-AB0D-7938270C569D}.RelWithDebInfo|x64.ActiveCfg = RelWithDebInfo|x64
		{9D06250A-EF06-3531-AB0D-7938270C569D}.RelWithDebInfo|x64.Build.0 = RelWithDebInfo|x64
		{B5779962-09C5-3A30-BDDB-EF7637C2095F}.Debug|x64.ActiveCfg = Debug|x64
		{B5779962-09C5-3A30-BDDB-EF7637C2095F}.Debug|x64.Build.0 = Debug|x64
		{B5779962-09C5-3A30-BDDB-EF7637C2095F}.Release|x64.ActiveCfg = Release|x64
		{B5779962-09C5-3A30-BDDB-EF7637C2095F}.Release|x64.Build.0 = Release|x64
		{B5779962-09C5-3A30-BDDB-EF7637C2095F}.MinSizeRel|x64.ActiveCfg = MinSizeRel|x64
		{B5779962-09C5-3A30-BDDB-EF7637C2095F}.MinSizeRel|x64.Build.0 = MinSizeRel|x64
		{B5779962-09C5-3A30-BDDB-EF7637C2095F}.RelWithDebInfo|x64.ActiveCfg = RelWithDebInfo|x64
		{B5779962-09C5-3A30-BDDB-EF7637C2095F}.RelWithDebInfo|x64.Build.0 = RelWithDebInfo|x64
		{D1A1074E-2326-388D-8F42-958B68544ABB}.Debug|x64.ActiveCfg = Debug|x64
		{D1A1074E-2326-388D-8F42-958B68544ABB}.Release|x64.ActiveCfg = Release|x64
		{D1A1074E-2326-388D-8F42-958B68544ABB}.MinSizeRel|x64.ActiveCfg = MinSizeRel|x64
		{D1A1074E-2326-388D-8F42-958B68544ABB}.RelWithDebInfo|x64.ActiveCfg = RelWithDebInfo|x64
	EndGlobalSection
	GlobalSection(NestedProjects) = preSolution
		{7D75DB92-1F82-351C-8092-69B167FF204B} = {D96E0F2E-51B7-3B17-8618-DE03B14828EB}
		{F3A9FB57-51F7-3EB7-A0D7-C289231EA6D7} = {D96E0F2E-51B7-3B17-8618-DE03B14828EB}
		{2DF52B41-CA03-3DD4-B305-1AC37986CE95} = {D96E0F2E-51B7-3B17-8618-DE03B14828EB}
		{9D06250A-EF06-3531-AB0D-7938270C569D} = {5630EFD0-FD1D-317C-A162-321E4497E46A}
		{D1A1074E-2326-388D-8F42-958B68544ABB} = {5630EFD0-FD1D-317C-A162-321E4497E46A}
	EndGlobalSection
	GlobalSection(ExtensibilityGlobals) = postSolution
		SolutionGuid = {02CC35C2-8F99-3DD1-94EB-B07776CD019A}
	EndGlobalSection
	GlobalSection(ExtensibilityAddIns) = postSolution
	EndGlobalSection
EndGlobal
